{
  "name": "component.communication",
  "version": "1.0.0",
  "lockfileVersion": 1,
  "requires": true,
  "dependencies": {
    "component.logging": {
      "version": "github:marchuanv/component.logging#74b31dcbda8d872755b97b4e51bb3cecbc2169f8",
      "from": "github:marchuanv/component.logging",
      "requires": {
        "utils": "github:marchuanv/utils"
      }
    },
    "utils": {
      "version": "github:marchuanv/utils#28edf28736346f954851667b58666e01f14064c6",
      "from": "github:marchuanv/utils"
    }
  }
}
