{
  "name": "component.request.handler",
  "version": "1.0.0",
  "lockfileVersion": 1,
  "requires": true,
  "dependencies": {
    "component": {
      "version": "github:marchuanv/component#415a2615f7cc6a60e07c06f1cbe204e1b6faecd4",
      "from": "github:marchuanv/component",
      "requires": {
        "component.delegate": "github:marchuanv/component.delegate"
      }
    },
    "component.delegate": {
      "version": "github:marchuanv/component.delegate#269afccb14cd7eab146af48f6a95bf6b9796cdcb",
      "from": "github:marchuanv/component.delegate",
      "requires": {
        "utils": "github:marchuanv/utils"
      }
    },
    "utils": {
      "version": "github:marchuanv/utils#3815045a6d4d37009a90eb10e50566118bb1d8f9",
      "from": "github:marchuanv/utils"
    }
  }
}
