{
  "name": "component.request.handler",
  "version": "1.0.0",
  "lockfileVersion": 1,
  "requires": true,
  "dependencies": {
    "component": {
      "version": "github:marchuanv/component#0633b94994efc1bcde28f1fe0ae98f3514648757",
      "from": "github:marchuanv/component",
      "requires": {
        "component.delegate": "github:marchuanv/component.delegate"
      }
    },
    "component.delegate": {
      "version": "github:marchuanv/component.delegate#e9ccc1fdbb667cc6879eb09f4c5610bae18384c4",
      "from": "github:marchuanv/component.delegate",
      "requires": {
        "utils": "github:marchuanv/utils"
      }
    },
    "utils": {
      "version": "github:marchuanv/utils#3815045a6d4d37009a90eb10e50566118bb1d8f9",
      "from": "github:marchuanv/utils"
    }
  }
}
